// !$*UTF8*$!
{
	archiveVersion = 1;
	classes = {
	};
	objectVersion = 46;
	objects = {

/* Begin PBXBuildFile section */
		129CB0141AC3EFE800D87EA3 /* main.m in Sources */ = {isa = PBXBuildFile; fileRef = 129CB0131AC3EFE800D87EA3 /* main.m */; };
		129CB0171AC3EFE800D87EA3 /* AppDelegate.m in Sources */ = {isa = PBXBuildFile; fileRef = 129CB0161AC3EFE800D87EA3 /* AppDelegate.m */; };
		129CB01A1AC3EFE800D87EA3 /* ViewController.m in Sources */ = {isa = PBXBuildFile; fileRef = 129CB0191AC3EFE800D87EA3 /* ViewController.m */; };
		129CB01D1AC3EFE800D87EA3 /* Main.storyboard in Resources */ = {isa = PBXBuildFile; fileRef = 129CB01B1AC3EFE800D87EA3 /* Main.storyboard */; };
		129CB01F1AC3EFE800D87EA3 /* Images.xcassets in Resources */ = {isa = PBXBuildFile; fileRef = 129CB01E1AC3EFE800D87EA3 /* Images.xcassets */; };
		129CB0221AC3EFE800D87EA3 /* LaunchScreen.xib in Resources */ = {isa = PBXBuildFile; fileRef = 129CB0201AC3EFE800D87EA3 /* LaunchScreen.xib */; };
		129CB02E1AC3EFE800D87EA3 /* LVDatabaseDemoTests.m in Sources */ = {isa = PBXBuildFile; fileRef = 129CB02D1AC3EFE800D87EA3 /* LVDatabaseDemoTests.m */; };
		12C068E41AC3F81600444FB0 /* libsqlite3.0.dylib in Frameworks */ = {isa = PBXBuildFile; fileRef = 12C068E31AC3F81600444FB0 /* libsqlite3.0.dylib */; };
		D905096F1AC4474200F33E25 /* LVModel.m in Sources */ = {isa = PBXBuildFile; fileRef = D905096E1AC4474200F33E25 /* LVModel.m */; };
		D905097D1AC44E4700F33E25 /* FMDatabase.m in Sources */ = {isa = PBXBuildFile; fileRef = D90509731AC44E4700F33E25 /* FMDatabase.m */; };
		D905097E1AC44E4700F33E25 /* FMDatabaseAdditions.m in Sources */ = {isa = PBXBuildFile; fileRef = D90509751AC44E4700F33E25 /* FMDatabaseAdditions.m */; };
		D905097F1AC44E4700F33E25 /* FMDatabasePool.m in Sources */ = {isa = PBXBuildFile; fileRef = D90509771AC44E4700F33E25 /* FMDatabasePool.m */; };
		D90509801AC44E4700F33E25 /* FMDatabaseQueue.m in Sources */ = {isa = PBXBuildFile; fileRef = D90509791AC44E4700F33E25 /* FMDatabaseQueue.m */; };
		D90509811AC44E4700F33E25 /* FMResultSet.m in Sources */ = {isa = PBXBuildFile; fileRef = D905097C1AC44E4700F33E25 /* FMResultSet.m */; };
		D90509841AC44E6A00F33E25 /* LVFmdbTool.m in Sources */ = {isa = PBXBuildFile; fileRef = D90509831AC44E6A00F33E25 /* LVFmdbTool.m */; };
/* End PBXBuildFile section */

/* Begin PBXContainerItemProxy section */
		129CB0281AC3EFE800D87EA3 /* PBXContainerItemProxy */ = {
			isa = PBXContainerItemProxy;
			containerPortal = 129CB0061AC3EFE800D87EA3 /* Project object */;
			proxyType = 1;
			remoteGlobalIDString = 129CB00D1AC3EFE800D87EA3;
			remoteInfo = LVDatabaseDemo;
		};
/* End PBXContainerItemProxy section */

/* Begin PBXFileReference section */
		129CB00E1AC3EFE800D87EA3 /* LVDatabaseDemo.app */ = {isa = PBXFileReference; explicitFileType = wrapper.application; includeInIndex = 0; path = LVDatabaseDemo.app; sourceTree = BUILT_PRODUCTS_DIR; };
		129CB0121AC3EFE800D87EA3 /* Info.plist */ = {isa = PBXFileReference; lastKnownFileType = text.plist.xml; path = Info.plist; sourceTree = "<group>"; };
		129CB0131AC3EFE800D87EA3 /* main.m */ = {isa = PBXFileReference; lastKnownFileType = sourcecode.c.objc; path = main.m; sourceTree = "<group>"; };
		129CB0151AC3EFE800D87EA3 /* AppDelegate.h */ = {isa = PBXFileReference; lastKnownFileType = sourcecode.c.h; path = AppDelegate.h; sourceTree = "<group>"; };
		129CB0161AC3EFE800D87EA3 /* AppDelegate.m */ = {isa = PBXFileReference; lastKnownFileType = sourcecode.c.objc; path = AppDelegate.m; sourceTree = "<group>"; };
		129CB0181AC3EFE800D87EA3 /* ViewController.h */ = {isa = PBXFileReference; lastKnownFileType = sourcecode.c.h; path = ViewController.h; sourceTree = "<group>"; };
		129CB0191AC3EFE800D87EA3 /* ViewController.m */ = {isa = PBXFileReference; lastKnownFileType = sourcecode.c.objc; path = ViewController.m; sourceTree = "<group>"; };
		129CB01C1AC3EFE800D87EA3 /* Base */ = {isa = PBXFileReference; lastKnownFileType = file.storyboard; name = Base; path = Base.lproj/Main.storyboard; sourceTree = "<group>"; };
		129CB01E1AC3EFE800D87EA3 /* Images.xcassets */ = {isa = PBXFileReference; lastKnownFileType = folder.assetcatalog; path = Images.xcassets; sourceTree = "<group>"; };
		129CB0211AC3EFE800D87EA3 /* Base */ = {isa = PBXFileReference; lastKnownFileType = file.xib; name = Base; path = Base.lproj/LaunchScreen.xib; sourceTree = "<group>"; };
		129CB0271AC3EFE800D87EA3 /* LVDatabaseDemoTests.xctest */ = {isa = PBXFileReference; explicitFileType = wrapper.cfbundle; includeInIndex = 0; path = LVDatabaseDemoTests.xctest; sourceTree = BUILT_PRODUCTS_DIR; };
		129CB02C1AC3EFE800D87EA3 /* Info.plist */ = {isa = PBXFileReference; lastKnownFileType = text.plist.xml; path = Info.plist; sourceTree = "<group>"; };
		129CB02D1AC3EFE800D87EA3 /* LVDatabaseDemoTests.m */ = {isa = PBXFileReference; lastKnownFileType = sourcecode.c.objc; path = LVDatabaseDemoTests.m; sourceTree = "<group>"; };
		12C068E31AC3F81600444FB0 /* libsqlite3.0.dylib */ = {isa = PBXFileReference; lastKnownFileType = "compiled.mach-o.dylib"; name = libsqlite3.0.dylib; path = usr/lib/libsqlite3.0.dylib; sourceTree = SDKROOT; };
		D905096D1AC4474200F33E25 /* LVModel.h */ = {isa = PBXFileReference; fileEncoding = 4; lastKnownFileType = sourcecode.c.h; path = LVModel.h; sourceTree = "<group>"; };
		D905096E1AC4474200F33E25 /* LVModel.m */ = {isa = PBXFileReference; fileEncoding = 4; lastKnownFileType = sourcecode.c.objc; path = LVModel.m; sourceTree = "<group>"; };
		D90509721AC44E4700F33E25 /* FMDatabase.h */ = {isa = PBXFileReference; fileEncoding = 4; lastKnownFileType = sourcecode.c.h; path = FMDatabase.h; sourceTree = "<group>"; };
		D90509731AC44E4700F33E25 /* FMDatabase.m */ = {isa = PBXFileReference; fileEncoding = 4; lastKnownFileType = sourcecode.c.objc; path = FMDatabase.m; sourceTree = "<group>"; };
		D90509741AC44E4700F33E25 /* FMDatabaseAdditions.h */ = {isa = PBXFileReference; fileEncoding = 4; lastKnownFileType = sourcecode.c.h; path = FMDatabaseAdditions.h; sourceTree = "<group>"; };
		D90509751AC44E4700F33E25 /* FMDatabaseAdditions.m */ = {isa = PBXFileReference; fileEncoding = 4; lastKnownFileType = sourcecode.c.objc; path = FMDatabaseAdditions.m; sourceTree = "<group>"; };
		D90509761AC44E4700F33E25 /* FMDatabasePool.h */ = {isa = PBXFileReference; fileEncoding = 4; lastKnownFileType = sourcecode.c.h; path = FMDatabasePool.h; sourceTree = "<group>"; };
		D90509771AC44E4700F33E25 /* FMDatabasePool.m */ = {isa = PBXFileReference; fileEncoding = 4; lastKnownFileType = sourcecode.c.objc; path = FMDatabasePool.m; sourceTree = "<group>"; };
		D90509781AC44E4700F33E25 /* FMDatabaseQueue.h */ = {isa = PBXFileReference; fileEncoding = 4; lastKnownFileType = sourcecode.c.h; path = FMDatabaseQueue.h; sourceTree = "<group>"; };
		D90509791AC44E4700F33E25 /* FMDatabaseQueue.m */ = {isa = PBXFileReference; fileEncoding = 4; lastKnownFileType = sourcecode.c.objc; path = FMDatabaseQueue.m; sourceTree = "<group>"; };
		D905097A1AC44E4700F33E25 /* FMDB.h */ = {isa = PBXFileReference; fileEncoding = 4; lastKnownFileType = sourcecode.c.h; path = FMDB.h; sourceTree = "<group>"; };
		D905097B1AC44E4700F33E25 /* FMResultSet.h */ = {isa = PBXFileReference; fileEncoding = 4; lastKnownFileType = sourcecode.c.h; path = FMResultSet.h; sourceTree = "<group>"; };
		D905097C1AC44E4700F33E25 /* FMResultSet.m */ = {isa = PBXFileReference; fileEncoding = 4; lastKnownFileType = sourcecode.c.objc; path = FMResultSet.m; sourceTree = "<group>"; };
		D90509821AC44E6A00F33E25 /* LVFmdbTool.h */ = {isa = PBXFileReference; fileEncoding = 4; lastKnownFileType = sourcecode.c.h; path = LVFmdbTool.h; sourceTree = "<group>"; };
		D90509831AC44E6A00F33E25 /* LVFmdbTool.m */ = {isa = PBXFileReference; fileEncoding = 4; lastKnownFileType = sourcecode.c.objc; path = LVFmdbTool.m; sourceTree = "<group>"; };
/* End PBXFileReference section */

/* Begin PBXFrameworksBuildPhase section */
		129CB00B1AC3EFE800D87EA3 /* Frameworks */ = {
			isa = PBXFrameworksBuildPhase;
			buildActionMask = 2147483647;
			files = (
				12C068E41AC3F81600444FB0 /* libsqlite3.0.dylib in Frameworks */,
			);
			runOnlyForDeploymentPostprocessing = 0;
		};
		129CB0241AC3EFE800D87EA3 /* Frameworks */ = {
			isa = PBXFrameworksBuildPhase;
			buildActionMask = 2147483647;
			files = (
			);
			runOnlyForDeploymentPostprocessing = 0;
		};
/* End PBXFrameworksBuildPhase section */

/* Begin PBXGroup section */
		129CB0051AC3EFE800D87EA3 = {
			isa = PBXGroup;
			children = (
				12C068E31AC3F81600444FB0 /* libsqlite3.0.dylib */,
				129CB0101AC3EFE800D87EA3 /* LVDatabaseDemo */,
				129CB02A1AC3EFE800D87EA3 /* LVDatabaseDemoTests */,
				129CB00F1AC3EFE800D87EA3 /* Products */,
			);
			sourceTree = "<group>";
		};
		129CB00F1AC3EFE800D87EA3 /* Products */ = {
			isa = PBXGroup;
			children = (
				129CB00E1AC3EFE800D87EA3 /* LVDatabaseDemo.app */,
				129CB0271AC3EFE800D87EA3 /* LVDatabaseDemoTests.xctest */,
			);
			name = Products;
			sourceTree = "<group>";
		};
		129CB0101AC3EFE800D87EA3 /* LVDatabaseDemo */ = {
			isa = PBXGroup;
			children = (
				D90509701AC44E4700F33E25 /* Classes */,
				D905096D1AC4474200F33E25 /* LVModel.h */,
				D905096E1AC4474200F33E25 /* LVModel.m */,
				129CB0151AC3EFE800D87EA3 /* AppDelegate.h */,
				129CB0161AC3EFE800D87EA3 /* AppDelegate.m */,
				129CB0181AC3EFE800D87EA3 /* ViewController.h */,
				129CB0191AC3EFE800D87EA3 /* ViewController.m */,
				129CB01B1AC3EFE800D87EA3 /* Main.storyboard */,
				129CB01E1AC3EFE800D87EA3 /* Images.xcassets */,
				129CB0201AC3EFE800D87EA3 /* LaunchScreen.xib */,
				129CB0111AC3EFE800D87EA3 /* Supporting Files */,
			);
			path = LVDatabaseDemo;
			sourceTree = "<group>";
		};
		129CB0111AC3EFE800D87EA3 /* Supporting Files */ = {
			isa = PBXGroup;
			children = (
				129CB0121AC3EFE800D87EA3 /* Info.plist */,
				129CB0131AC3EFE800D87EA3 /* main.m */,
			);
			name = "Supporting Files";
			sourceTree = "<group>";
		};
		129CB02A1AC3EFE800D87EA3 /* LVDatabaseDemoTests */ = {
			isa = PBXGroup;
			children = (
				129CB02D1AC3EFE800D87EA3 /* LVDatabaseDemoTests.m */,
				129CB02B1AC3EFE800D87EA3 /* Supporting Files */,
			);
			path = LVDatabaseDemoTests;
			sourceTree = "<group>";
		};
		129CB02B1AC3EFE800D87EA3 /* Supporting Files */ = {
			isa = PBXGroup;
			children = (
				129CB02C1AC3EFE800D87EA3 /* Info.plist */,
			);
			name = "Supporting Files";
			sourceTree = "<group>";
		};
		D90509701AC44E4700F33E25 /* Classes */ = {
			isa = PBXGroup;
			children = (
				D90509711AC44E4700F33E25 /* fmdb */,
				D90509821AC44E6A00F33E25 /* LVFmdbTool.h */,
				D90509831AC44E6A00F33E25 /* LVFmdbTool.m */,
			);
			path = Classes;
			sourceTree = "<group>";
		};
		D90509711AC44E4700F33E25 /* fmdb */ = {
			isa = PBXGroup;
			children = (
				D90509721AC44E4700F33E25 /* FMDatabase.h */,
				D90509731AC44E4700F33E25 /* FMDatabase.m */,
				D90509741AC44E4700F33E25 /* FMDatabaseAdditions.h */,
				D90509751AC44E4700F33E25 /* FMDatabaseAdditions.m */,
				D90509761AC44E4700F33E25 /* FMDatabasePool.h */,
				D90509771AC44E4700F33E25 /* FMDatabasePool.m */,
				D90509781AC44E4700F33E25 /* FMDatabaseQueue.h */,
				D90509791AC44E4700F33E25 /* FMDatabaseQueue.m */,
				D905097A1AC44E4700F33E25 /* FMDB.h */,
				D905097B1AC44E4700F33E25 /* FMResultSet.h */,
				D905097C1AC44E4700F33E25 /* FMResultSet.m */,
			);
			path = fmdb;
			sourceTree = "<group>";
		};
/* End PBXGroup section */

/* Begin PBXNativeTarget section */
		129CB00D1AC3EFE800D87EA3 /* LVDatabaseDemo */ = {
			isa = PBXNativeTarget;
			buildConfigurationList = 129CB0311AC3EFE800D87EA3 /* Build configuration list for PBXNativeTarget "LVDatabaseDemo" */;
			buildPhases = (
				129CB00A1AC3EFE800D87EA3 /* Sources */,
				129CB00B1AC3EFE800D87EA3 /* Frameworks */,
				129CB00C1AC3EFE800D87EA3 /* Resources */,
			);
			buildRules = (
			);
			dependencies = (
			);
			name = LVDatabaseDemo;
			productName = LVDatabaseDemo;
			productReference = 129CB00E1AC3EFE800D87EA3 /* LVDatabaseDemo.app */;
			productType = "com.apple.product-type.application";
		};
		129CB0261AC3EFE800D87EA3 /* LVDatabaseDemoTests */ = {
			isa = PBXNativeTarget;
			buildConfigurationList = 129CB0341AC3EFE800D87EA3 /* Build configuration list for PBXNativeTarget "LVDatabaseDemoTests" */;
			buildPhases = (
				129CB0231AC3EFE800D87EA3 /* Sources */,
				129CB0241AC3EFE800D87EA3 /* Frameworks */,
				129CB0251AC3EFE800D87EA3 /* Resources */,
			);
			buildRules = (
			);
			dependencies = (
				129CB0291AC3EFE800D87EA3 /* PBXTargetDependency */,
			);
			name = LVDatabaseDemoTests;
			productName = LVDatabaseDemoTests;
			productReference = 129CB0271AC3EFE800D87EA3 /* LVDatabaseDemoTests.xctest */;
			productType = "com.apple.product-type.bundle.unit-test";
		};
/* End PBXNativeTarget section */

/* Begin PBXProject section */
		129CB0061AC3EFE800D87EA3 /* Project object */ = {
			isa = PBXProject;
			attributes = {
				LastUpgradeCheck = 0620;
				ORGANIZATIONNAME = liuchunlao;
				TargetAttributes = {
					129CB00D1AC3EFE800D87EA3 = {
						CreatedOnToolsVersion = 6.2;
					};
					129CB0261AC3EFE800D87EA3 = {
						CreatedOnToolsVersion = 6.2;
						TestTargetID = 129CB00D1AC3EFE800D87EA3;
					};
				};
			};
			buildConfigurationList = 129CB0091AC3EFE800D87EA3 /* Build configuration list for PBXProject "LVDatabaseDemo" */;
			compatibilityVersion = "Xcode 3.2";
			developmentRegion = English;
			hasScannedForEncodings = 0;
			knownRegions = (
				en,
				Base,
			);
			mainGroup = 129CB0051AC3EFE800D87EA3;
			productRefGroup = 129CB00F1AC3EFE800D87EA3 /* Products */;
			projectDirPath = "";
			projectRoot = "";
			targets = (
				129CB00D1AC3EFE800D87EA3 /* LVDatabaseDemo */,
				129CB0261AC3EFE800D87EA3 /* LVDatabaseDemoTests */,
			);
		};
/* End PBXProject section */

/* Begin PBXResourcesBuildPhase section */
		129CB00C1AC3EFE800D87EA3 /* Resources */ = {
			isa = PBXResourcesBuildPhase;
			buildActionMask = 2147483647;
			files = (
				129CB01D1AC3EFE800D87EA3 /* Main.storyboard in Resources */,
				129CB0221AC3EFE800D87EA3 /* LaunchScreen.xib in Resources */,
				129CB01F1AC3EFE800D87EA3 /* Images.xcassets in Resources */,
			);
			runOnlyForDeploymentPostprocessing = 0;
		};
		129CB0251AC3EFE800D87EA3 /* Resources */ = {
			isa = PBXResourcesBuildPhase;
			buildActionMask = 2147483647;
			files = (
			);
			runOnlyForDeploymentPostprocessing = 0;
		};
/* End PBXResourcesBuildPhase section */

/* Begin PBXSourcesBuildPhase section */
		129CB00A1AC3EFE800D87EA3 /* Sources */ = {
			isa = PBXSourcesBuildPhase;
			buildActionMask = 2147483647;
			files = (
				D905096F1AC4474200F33E25 /* LVModel.m in Sources */,
				D905097F1AC44E4700F33E25 /* FMDatabasePool.m in Sources */,
				D90509811AC44E4700F33E25 /* FMResultSet.m in Sources */,
				129CB01A1AC3EFE800D87EA3 /* ViewController.m in Sources */,
				D90509801AC44E4700F33E25 /* FMDatabaseQueue.m in Sources */,
				D905097D1AC44E4700F33E25 /* FMDatabase.m in Sources */,
				D90509841AC44E6A00F33E25 /* LVFmdbTool.m in Sources */,
				129CB0171AC3EFE800D87EA3 /* AppDelegate.m in Sources */,
				129CB0141AC3EFE800D87EA3 /* main.m in Sources */,
				D905097E1AC44E4700F33E25 /* FMDatabaseAdditions.m in Sources */,
			);
			runOnlyForDeploymentPostprocessing = 0;
		};
		129CB0231AC3EFE800D87EA3 /* Sources */ = {
			isa = PBXSourcesBuildPhase;
			buildActionMask = 2147483647;
			files = (
				129CB02E1AC3EFE800D87EA3 /* LVDatabaseDemoTests.m in Sources */,
			);
			runOnlyForDeploymentPostprocessing = 0;
		};
/* End PBXSourcesBuildPhase section */

/* Begin PBXTargetDependency section */
		129CB0291AC3EFE800D87EA3 /* PBXTargetDependency */ = {
			isa = PBXTargetDependency;
			target = 129CB00D1AC3EFE800D87EA3 /* LVDatabaseDemo */;
			targetProxy = 129CB0281AC3EFE800D87EA3 /* PBXContainerItemProxy */;
		};
/* End PBXTargetDependency section */

/* Begin PBXVariantGroup section */
		129CB01B1AC3EFE800D87EA3 /* Main.storyboard */ = {
			isa = PBXVariantGroup;
			children = (
				129CB01C1AC3EFE800D87EA3 /* Base */,
			);
			name = Main.storyboard;
			sourceTree = "<group>";
		};
		129CB0201AC3EFE800D87EA3 /* LaunchScreen.xib */ = {
			isa = PBXVariantGroup;
			children = (
				129CB0211AC3EFE800D87EA3 /* Base */,
			);
			name = LaunchScreen.xib;
			sourceTree = "<group>";
		};
/* End PBXVariantGroup section */

/* Begin XCBuildConfiguration section */
		129CB02F1AC3EFE800D87EA3 /* Debug */ = {
			isa = XCBuildConfiguration;
			buildSettings = {
				ALWAYS_SEARCH_USER_PATHS = NO;
				CLANG_CXX_LANGUAGE_STANDARD = "gnu++0x";
				CLANG_CXX_LIBRARY = "libc++";
				CLANG_ENABLE_MODULES = YES;
				CLANG_ENABLE_OBJC_ARC = YES;
				CLANG_WARN_BOOL_CONVERSION = YES;
				CLANG_WARN_CONSTANT_CONVERSION = YES;
				CLANG_WARN_DIRECT_OBJC_ISA_USAGE = YES_ERROR;
				CLANG_WARN_EMPTY_BODY = YES;
				CLANG_WARN_ENUM_CONVERSION = YES;
				CLANG_WARN_INT_CONVERSION = YES;
				CLANG_WARN_OBJC_ROOT_CLASS = YES_ERROR;
				CLANG_WARN_UNREACHABLE_CODE = YES;
				CLANG_WARN__DUPLICATE_METHOD_MATCH = YES;
				"CODE_SIGN_IDENTITY[sdk=iphoneos*]" = "iPhone Developer";
				COPY_PHASE_STRIP = NO;
				ENABLE_STRICT_OBJC_MSGSEND = YES;
				GCC_C_LANGUAGE_STANDARD = gnu99;
				GCC_DYNAMIC_NO_PIC = NO;
				GCC_OPTIMIZATION_LEVEL = 0;
				GCC_PREPROCESSOR_DEFINITIONS = (
					"DEBUG=1",
					"$(inherited)",
				);
				GCC_SYMBOLS_PRIVATE_EXTERN = NO;
				GCC_WARN_64_TO_32_BIT_CONVERSION = YES;
				GCC_WARN_ABOUT_RETURN_TYPE = YES_ERROR;
				GCC_WARN_UNDECLARED_SELECTOR = YES;
				GCC_WARN_UNINITIALIZED_AUTOS = YES_AGGRESSIVE;
				GCC_WARN_UNUSED_FUNCTION = YES;
				GCC_WARN_UNUSED_VARIABLE = YES;
				IPHONEOS_DEPLOYMENT_TARGET = 8.2;
				MTL_ENABLE_DEBUG_INFO = YES;
				ONLY_ACTIVE_ARCH = YES;
				SDKROOT = iphoneos;
				TARGETED_DEVICE_FAMILY = "1,2";
			};
			name = Debug;
		};
		129CB0301AC3EFE800D87EA3 /* Release */ = {
			isa = XCBuildConfiguration;
			buildSettings = {
				ALWAYS_SEARCH_USER_PATHS = NO;
				CLANG_CXX_LANGUAGE_STANDARD = "gnu++0x";
				CLANG_CXX_LIBRARY = "libc++";
				CLANG_ENABLE_MODULES = YES;
				CLANG_ENABLE_OBJC_ARC = YES;
				CLANG_WARN_BOOL_CONVERSION = YES;
				CLANG_WARN_CONSTANT_CONVERSION = YES;
				CLANG_WARN_DIRECT_OBJC_ISA_USAGE = YES_ERROR;
				CLANG_WARN_EMPTY_BODY = YES;
				CLANG_WARN_ENUM_CONVERSION = YES;
				CLANG_WARN_INT_CONVERSION = YES;
				CLANG_WARN_OBJC_ROOT_CLASS = YES_ERROR;
				CLANG_WARN_UNREACHABLE_CODE = YES;
				CLANG_WARN__DUPLICATE_METHOD_MATCH = YES;
				"CODE_SIGN_IDENTITY[sdk=iphoneos*]" = "iPhone Developer";
				COPY_PHASE_STRIP = NO;
				ENABLE_NS_ASSERTIONS = NO;
				ENABLE_STRICT_OBJC_MSGSEND = YES;
				GCC_C_LANGUAGE_STANDARD = gnu99;
				GCC_WARN_64_TO_32_BIT_CONVERSION = YES;
				GCC_WARN_ABOUT_RETURN_TYPE = YES_ERROR;
				GCC_WARN_UNDECLARED_SELECTOR = YES;
				GCC_WARN_UNINITIALIZED_AUTOS = YES_AGGRESSIVE;
				GCC_WARN_UNUSED_FUNCTION = YES;
				GCC_WARN_UNUSED_VARIABLE = YES;
				IPHONEOS_DEPLOYMENT_TARGET = 8.2;
				MTL_ENABLE_DEBUG_INFO = NO;
				SDKROOT = iphoneos;
				TARGETED_DEVICE_FAMILY = "1,2";
				VALIDATE_PRODUCT = YES;
			};
			name = Release;
		};
		129CB0321AC3EFE800D87EA3 /* Debug */ = {
			isa = XCBuildConfiguration;
			buildSettings = {
				ASSETCATALOG_COMPILER_APPICON_NAME = AppIcon;
				INFOPLIST_FILE = LVDatabaseDemo/Info.plist;
				LD_RUNPATH_SEARCH_PATHS = "$(inherited) @executable_path/Frameworks";
				PRODUCT_NAME = "$(TARGET_NAME)";
			};
			name = Debug;
		};
		129CB0331AC3EFE800D87EA3 /* Release */ = {
			isa = XCBuildConfiguration;
			buildSettings = {
				ASSETCATALOG_COMPILER_APPICON_NAME = AppIcon;
				INFOPLIST_FILE = LVDatabaseDemo/Info.plist;
				LD_RUNPATH_SEARCH_PATHS = "$(inherited) @executable_path/Frameworks";
				PRODUCT_NAME = "$(TARGET_NAME)";
			};
			name = Release;
		};
		129CB0351AC3EFE800D87EA3 /* Debug */ = {
			isa = XCBuildConfiguration;
			buildSettings = {
				BUNDLE_LOADER = "$(TEST_HOST)";
				FRAMEWORK_SEARCH_PATHS = (
					"$(SDKROOT)/Developer/Library/Frameworks",
					"$(inherited)",
				);
				GCC_PREPROCESSOR_DEFINITIONS = (
					"DEBUG=1",
					"$(inherited)",
				);
				INFOPLIST_FILE = LVDatabaseDemoTests/Info.plist;
				LD_RUNPATH_SEARCH_PATHS = "$(inherited) @executable_path/Frameworks @loader_path/Frameworks";
				PRODUCT_NAME = "$(TARGET_NAME)";
				TEST_HOST = "$(BUILT_PRODUCTS_DIR)/LVDatabaseDemo.app/LVDatabaseDemo";
			};
			name = Debug;
		};
		129CB0361AC3EFE800D87EA3 /* Release */ = {
			isa = XCBuildConfiguration;
			buildSettings = {
				BUNDLE_LOADER = "$(TEST_HOST)";
				FRAMEWORK_SEARCH_PATHS = (
					"$(SDKROOT)/Developer/Library/Frameworks",
					"$(inherited)",
				);
				INFOPLIST_FILE = LVDatabaseDemoTests/Info.plist;
				LD_RUNPATH_SEARCH_PATHS = "$(inherited) @executable_path/Frameworks @loader_path/Frameworks";
				PRODUCT_NAME = "$(TARGET_NAME)";
				TEST_HOST = "$(BUILT_PRODUCTS_DIR)/LVDatabaseDemo.app/LVDatabaseDemo";
			};
			name = Release;
		};
/* End XCBuildConfiguration section */

/* Begin XCConfigurationList section */
		129CB0091AC3EFE800D87EA3 /* Build configuration list for PBXProject "LVDatabaseDemo" */ = {
			isa = XCConfigurationList;
			buildConfigurations = (
				129CB02F1AC3EFE800D87EA3 /* Debug */,
				129CB0301AC3EFE800D87EA3 /* Release */,
			);
			defaultConfigurationIsVisible = 0;
			defaultConfigurationName = Release;
		};
		129CB0311AC3EFE800D87EA3 /* Build configuration list for PBXNativeTarget "LVDatabaseDemo" */ = {
			isa = XCConfigurationList;
			buildConfigurations = (
				129CB0321AC3EFE800D87EA3 /* Debug */,
				129CB0331AC3EFE800D87EA3 /* Release */,
			);
			defaultConfigurationIsVisible = 0;
			defaultConfigurationName = Release;
		};
		129CB0341AC3EFE800D87EA3 /* Build configuration list for PBXNativeTarget "LVDatabaseDemoTests" */ = {
			isa = XCConfigurationList;
			buildConfigurations = (
				129CB0351AC3EFE800D87EA3 /* Debug */,
				129CB0361AC3EFE800D87EA3 /* Release */,
			);
			defaultConfigurationIsVisible = 0;
			defaultConfigurationName = Release;
		};
/* End XCConfigurationList section */
	};
	rootObject = 129CB0061AC3EFE800D87EA3 /* Project object */;
}
